Microsoft Visual Studio Solution File, Format Version 11.00
# Visual Studio 2008

Project("{A79270B2-D0BB-AFB8-BEDA-CB1AF4D20F08}") = "SpaceInvaders1", "Assembly-CSharp.csproj", "{32A1B7A4-C880-8730-69E8-49EC964276C9}"
EndProject
Global
	GlobalSection(SolutionConfigurationPlatforms) = preSolution
		Debug|Any CPU = Debug|Any CPU
		Release|Any CPU = Release|Any CPU
	EndGlobalSection
	GlobalSection(ProjectConfigurationPlatforms) = postSolution
		{32A1B7A4-C880-8730-69E8-49EC964276C9}.Debug|Any CPU.ActiveCfg = Debug|Any CPU
		{32A1B7A4-C880-8730-69E8-49EC964276C9}.Debug|Any CPU.Build.0 = Debug|Any CPU
		{32A1B7A4-C880-8730-69E8-49EC964276C9}.Release|Any CPU.ActiveCfg = Release|Any CPU
		{32A1B7A4-C880-8730-69E8-49EC964276C9}.Release|Any CPU.Build.0 = Release|Any CPU
	EndGlobalSection
	GlobalSection(SolutionProperties) = preSolution
		HideSolutionNode = FALSE
	EndGlobalSection
	GlobalSection(MonoDevelopProperties) = preSolution
		StartupItem = Assembly-CSharp.csproj
	EndGlobalSection
EndGlobal
