Microsoft Visual Studio Solution File, Format Version 11.00
# Visual Studio 2008

Project("{2E43C292-61F0-93EF-0CF3-5455D4DA2BE8}") = "SpaceInvaders2", "Assembly-CSharp.csproj", "{1598E1D1-9FB7-32DE-E566-725611F38DEE}"
EndProject
Global
	GlobalSection(SolutionConfigurationPlatforms) = preSolution
		Debug|Any CPU = Debug|Any CPU
		Release|Any CPU = Release|Any CPU
	EndGlobalSection
	GlobalSection(ProjectConfigurationPlatforms) = postSolution
		{1598E1D1-9FB7-32DE-E566-725611F38DEE}.Debug|Any CPU.ActiveCfg = Debug|Any CPU
		{1598E1D1-9FB7-32DE-E566-725611F38DEE}.Debug|Any CPU.Build.0 = Debug|Any CPU
		{1598E1D1-9FB7-32DE-E566-725611F38DEE}.Release|Any CPU.ActiveCfg = Release|Any CPU
		{1598E1D1-9FB7-32DE-E566-725611F38DEE}.Release|Any CPU.Build.0 = Release|Any CPU
	EndGlobalSection
	GlobalSection(SolutionProperties) = preSolution
		HideSolutionNode = FALSE
	EndGlobalSection
	GlobalSection(MonoDevelopProperties) = preSolution
		StartupItem = Assembly-CSharp.csproj
	EndGlobalSection
EndGlobal
